
Microsoft Visual Studio Solution File, Format Version 12.00
# Visual Studio Version 17
VisualStudioVersion = 17.3.32922.545
MinimumVisualStudioVersion = 10.0.40219.1
Project("{FAE04EC0-301F-11D3-BF4B-00C04F79EFBC}") = "YoutubeEğitim", "YoutubeEğitim\YoutubeEğitim.csproj", "{F5D77CD5-CEB3-4F4F-B44B-B4A45C353428}"
EndProject
Global
	GlobalSection(SolutionConfigurationPlatforms) = preSolution
		Debug|Any CPU = Debug|Any CPU
		Release|Any CPU = Release|Any CPU
	EndGlobalSection
	GlobalSection(ProjectConfigurationPlatforms) = postSolution
		{F5D77CD5-CEB3-4F4F-B44B-B4A45C353428}.Debug|Any CPU.ActiveCfg = Debug|Any CPU
		{F5D77CD5-CEB3-4F4F-B44B-B4A45C353428}.Debug|Any CPU.Build.0 = Debug|Any CPU
		{F5D77CD5-CEB3-4F4F-B44B-B4A45C353428}.Release|Any CPU.ActiveCfg = Release|Any CPU
		{F5D77CD5-CEB3-4F4F-B44B-B4A45C353428}.Release|Any CPU.Build.0 = Release|Any CPU
	EndGlobalSection
	GlobalSection(SolutionProperties) = preSolution
		HideSolutionNode = FALSE
	EndGlobalSection
	GlobalSection(ExtensibilityGlobals) = postSolution
		SolutionGuid = {CEB1734A-BCAB-4E84-82E7-F12420FF9CAC}
	EndGlobalSection
EndGlobal
